<Solution>
  <Folder Name="/src/">
    <Project Path="src/KoreanLearn.Library/KoreanLearn.Library.csproj" />
    <Project Path="src/KoreanLearn.Data/KoreanLearn.Data.csproj" />
    <Project Path="src/KoreanLearn.Service/KoreanLearn.Service.csproj" />
    <Project Path="src/KoreanLearn.Web/KoreanLearn.Web.csproj" />
  </Folder>
</Solution>
